<?xml version="1.0" encoding="utf-8"?>
<Project ToolsVersion="4.0" xmlns="http://schemas.microsoft.com/developer/msbuild/2003">
  <ItemGroup>
    <Filter Include="Source Files">
      <UniqueIdentifier>{4FC737F1-C7A5-4376-A066-2A32D752A2FF}</UniqueIdentifier>
      <Extensions>cpp;c;cc;cxx;def;odl;idl;hpj;bat;asm;asmx</Extensions>
    </Filter>
    <Filter Include="Header Files">
      <UniqueIdentifier>{93995380-89BD-4b04-88EB-625FBE52EBFB}</UniqueIdentifier>
      <Extensions>h;hh;hpp;hxx;hm;inl;inc;xsd</Extensions>
    </Filter>
    <Filter Include="Trees">
      <UniqueIdentifier>{1fb3ed5e-6b03-43a1-898a-59ca1089fb95}</UniqueIdentifier>
    </Filter>
    <Filter Include="Tests">
      <UniqueIdentifier>{82c40e1e-aff2-42b9-ac3d-ef1a5a14bb49}</UniqueIdentifier>
    </Filter>
    <Filter Include="LinkedLists">
      <UniqueIdentifier>{f229a319-7695-48a6-9a63-39065a585444}</UniqueIdentifier>
    </Filter>
    <Filter Include="Tests\TreeTests">
      <UniqueIdentifier>{5c4a4c46-22b3-4c89-ab39-18683853f926}</UniqueIdentifier>
    </Filter>
    <Filter Include="Heaps">
      <UniqueIdentifier>{c0f9fe9d-e5e9-43d3-80b8-af33c8a87daa}</UniqueIdentifier>
    </Filter>
    <Filter Include="Tests\HeapTests">
      <UniqueIdentifier>{5030302d-ef6d-48cf-9b27-b9be455e8a25}</UniqueIdentifier>
    </Filter>
    <Filter Include="common">
      <UniqueIdentifier>{440a5e0c-9158-484d-8467-5f92e3b47f99}</UniqueIdentifier>
    </Filter>
    <Filter Include="Stack and Queues">
      <UniqueIdentifier>{175658df-255b-4d64-9a96-9a6f2501bcdf}</UniqueIdentifier>
    </Filter>
    <Filter Include="Graphs">
      <UniqueIdentifier>{29eeac76-f3d6-47de-93b9-9d39011af16c}</UniqueIdentifier>
    </Filter>
    <Filter Include="Tests\StackTests">
      <UniqueIdentifier>{f9323821-b77a-4aa5-9722-3c187cec6a4f}</UniqueIdentifier>
    </Filter>
    <Filter Include="Hash Tables">
      <UniqueIdentifier>{ecb0852e-d618-46ba-a524-a99e21a4b06f}</UniqueIdentifier>
    </Filter>
    <Filter Include="Tests\QueueTests">
      <UniqueIdentifier>{c15b9efd-bb0a-48b4-a0fb-bcbaab82929f}</UniqueIdentifier>
    </Filter>
    <Filter Include="Tests\ListTests">
      <UniqueIdentifier>{787b711c-a5d1-457d-9779-3eea3b7f7360}</UniqueIdentifier>
    </Filter>
  </ItemGroup>
  <ItemGroup>
    <Text Include="ReadMe.txt" />
  </ItemGroup>
  <ItemGroup>
    <ClInclude Include="stdafx.h">
      <Filter>Header Files</Filter>
    </ClInclude>
    <ClInclude Include="targetver.h">
      <Filter>Header Files</Filter>
    </ClInclude>
    <ClInclude Include="LinkedLists\LinkedListArrayBasedNode.h">
      <Filter>LinkedLists</Filter>
    </ClInclude>
    <ClInclude Include="LinkedLists\LinkedListNode.h">
      <Filter>LinkedLists</Filter>
    </ClInclude>
    <ClInclude Include="Trees\BinarySearchTree.h">
      <Filter>Trees</Filter>
    </ClInclude>
    <ClInclude Include="Trees\BSTA.h">
      <Filter>Trees</Filter>
    </ClInclude>
    <ClInclude Include="Trees\BSTANode.h">
      <Filter>Trees</Filter>
    </ClInclude>
    <ClInclude Include="Trees\BSTFactory.h">
      <Filter>Trees</Filter>
    </ClInclude>
    <ClInclude Include="Trees\RadixTree.h">
      <Filter>Trees</Filter>
    </ClInclude>
    <ClInclude Include="Trees\TreeNode.h">
      <Filter>Trees</Filter>
    </ClInclude>
    <ClInclude Include="Trees\TrieNode.h">
      <Filter>Trees</Filter>
    </ClInclude>
    <ClInclude Include="Tests\TreeTests\BinarySearchTreeTests.h">
      <Filter>Tests\TreeTests</Filter>
    </ClInclude>
    <ClInclude Include="Tests\TreeTests\BSTATests.h">
      <Filter>Tests\TreeTests</Filter>
    </ClInclude>
    <ClInclude Include="Tests\TreeTests\CharBSTTests.h">
      <Filter>Tests\TreeTests</Filter>
    </ClInclude>
    <ClInclude Include="Tests\TreeTests\RadixTreeTests.h">
      <Filter>Tests\TreeTests</Filter>
    </ClInclude>
    <ClInclude Include="Heaps\PriorityQueue.h">
      <Filter>Heaps</Filter>
    </ClInclude>
    <ClInclude Include="Heaps\PQNode.h">
      <Filter>Heaps</Filter>
    </ClInclude>
    <ClInclude Include="Tests\HeapTests\MaxPQTests.h">
      <Filter>Tests\HeapTests</Filter>
    </ClInclude>
    <ClInclude Include="common\swap.h">
      <Filter>common</Filter>
    </ClInclude>
    <ClInclude Include="Heaps\YoungTableau.h">
      <Filter>Heaps</Filter>
    </ClInclude>
    <ClInclude Include="Tests\HeapTests\YoungTableauTests.h">
      <Filter>Tests\HeapTests</Filter>
    </ClInclude>
    <ClInclude Include="Graphs\EdgeNode.h">
      <Filter>Graphs</Filter>
    </ClInclude>
    <ClInclude Include="Graphs\Graph.h">
      <Filter>Graphs</Filter>
    </ClInclude>
    <ClInclude Include="Stack.h">
      <Filter>Stack and Queues</Filter>
    </ClInclude>
    <ClInclude Include="Queue.h">
      <Filter>Stack and Queues</Filter>
    </ClInclude>
    <ClInclude Include="DoubleLinkedListNode.h">
      <Filter>LinkedLists</Filter>
    </ClInclude>
    <ClInclude Include="LinkedList.h">
      <Filter>LinkedLists</Filter>
    </ClInclude>
    <ClInclude Include="DLinkedList.h">
      <Filter>LinkedLists</Filter>
    </ClInclude>
    <ClInclude Include="Hash.h">
      <Filter>Hash Tables</Filter>
    </ClInclude>
    <ClInclude Include="StackTests.h">
      <Filter>Tests\StackTests</Filter>
    </ClInclude>
    <ClInclude Include="QueueTests.h">
      <Filter>Tests\QueueTests</Filter>
    </ClInclude>
    <ClInclude Include="LinkedListTests.h">
      <Filter>Tests\ListTests</Filter>
    </ClInclude>
    <ClInclude Include="RedBlackTree.h">
      <Filter>Trees</Filter>
    </ClInclude>
    <ClInclude Include="RedBlackTreeTests.h">
      <Filter>Tests\TreeTests</Filter>
    </ClInclude>
    <ClInclude Include="RBTreeNode.h">
      <Filter>Trees</Filter>
    </ClInclude>
  </ItemGroup>
  <ItemGroup>
    <ClCompile Include="stdafx.cpp">
      <Filter>Source Files</Filter>
    </ClCompile>
    <ClCompile Include="DataStructures.cpp">
      <Filter>Source Files</Filter>
    </ClCompile>
    <ClCompile Include="Trees\BinarySearchTree.cpp">
      <Filter>Trees</Filter>
    </ClCompile>
    <ClCompile Include="Trees\BSTA.cpp">
      <Filter>Trees</Filter>
    </ClCompile>
    <ClCompile Include="Trees\BSTFactory.cpp">
      <Filter>Trees</Filter>
    </ClCompile>
    <ClCompile Include="Trees\RadixTree.cpp">
      <Filter>Trees</Filter>
    </ClCompile>
    <ClCompile Include="Tests\TreeTests\BinarySearchTreeTests.cpp">
      <Filter>Tests\TreeTests</Filter>
    </ClCompile>
    <ClCompile Include="Tests\TreeTests\BSTATests.cpp">
      <Filter>Tests\TreeTests</Filter>
    </ClCompile>
    <ClCompile Include="Tests\TreeTests\CharBSTTests.cpp">
      <Filter>Tests\TreeTests</Filter>
    </ClCompile>
    <ClCompile Include="Tests\TreeTests\RadixTreeTests.cpp">
      <Filter>Tests\TreeTests</Filter>
    </ClCompile>
    <ClCompile Include="Heaps\PriorityQueue.cpp">
      <Filter>Heaps</Filter>
    </ClCompile>
    <ClCompile Include="Tests\HeapTests\MaxPQTests.cpp">
      <Filter>Tests\HeapTests</Filter>
    </ClCompile>
    <ClCompile Include="Heaps\YoungTableau.cpp">
      <Filter>Heaps</Filter>
    </ClCompile>
    <ClCompile Include="Tests\HeapTests\YoungTableauTests.cpp">
      <Filter>Tests\HeapTests</Filter>
    </ClCompile>
    <ClCompile Include="Stack.cpp">
      <Filter>Stack and Queues</Filter>
    </ClCompile>
    <ClCompile Include="Queue.cpp">
      <Filter>Stack and Queues</Filter>
    </ClCompile>
    <ClCompile Include="DLinkedList.cpp">
      <Filter>LinkedLists</Filter>
    </ClCompile>
    <ClCompile Include="LinkedList.cpp">
      <Filter>LinkedLists</Filter>
    </ClCompile>
    <ClCompile Include="Hash.cpp">
      <Filter>Hash Tables</Filter>
    </ClCompile>
    <ClCompile Include="StackTests.cpp">
      <Filter>Tests\StackTests</Filter>
    </ClCompile>
    <ClCompile Include="QueueTests.cpp">
      <Filter>Tests\QueueTests</Filter>
    </ClCompile>
    <ClCompile Include="LinkedListTests.cpp">
      <Filter>Tests\ListTests</Filter>
    </ClCompile>
    <ClCompile Include="RedBlackTree.cpp">
      <Filter>Trees</Filter>
    </ClCompile>
    <ClCompile Include="RedBlackTreeTests.cpp">
      <Filter>Tests\TreeTests</Filter>
    </ClCompile>
  </ItemGroup>
</Project>