<?xml version="1.0" encoding="utf-8"?>
<Project ToolsVersion="4.0" xmlns="http://schemas.microsoft.com/developer/msbuild/2003">
  <ItemGroup>
    <Filter Include="Source Files">
      <UniqueIdentifier>{4FC737F1-C7A5-4376-A066-2A32D752A2FF}</UniqueIdentifier>
      <Extensions>cpp;c;cc;cxx;def;odl;idl;hpj;bat;asm;asmx</Extensions>
    </Filter>
    <Filter Include="Header Files">
      <UniqueIdentifier>{93995380-89BD-4b04-88EB-625FBE52EBFB}</UniqueIdentifier>
      <Extensions>h;hh;hpp;hxx;hm;inl;inc;xsd</Extensions>
    </Filter>
    <Filter Include="Resource Files">
      <UniqueIdentifier>{67DA6AB6-F800-4c08-8B7A-83BB121AAD01}</UniqueIdentifier>
      <Extensions>rc;ico;cur;bmp;dlg;rc2;rct;bin;rgs;gif;jpg;jpeg;jpe;resx;tiff;tif;png;wav;mfcribbon-ms</Extensions>
    </Filter>
    <Filter Include="Tests">
      <UniqueIdentifier>{fd686815-1525-46f1-8ff8-0ae8502602f2}</UniqueIdentifier>
    </Filter>
    <Filter Include="Search">
      <UniqueIdentifier>{391549a5-931b-4088-9f0b-5367c2d48a8e}</UniqueIdentifier>
    </Filter>
    <Filter Include="Sort">
      <UniqueIdentifier>{374b5854-7a33-4aea-8fe0-ba31cee1c644}</UniqueIdentifier>
    </Filter>
  </ItemGroup>
  <ItemGroup>
    <Text Include="ReadMe.txt" />
  </ItemGroup>
  <ItemGroup>
    <ClInclude Include="stdafx.h">
      <Filter>Header Files</Filter>
    </ClInclude>
    <ClInclude Include="targetver.h">
      <Filter>Header Files</Filter>
    </ClInclude>
    <ClInclude Include="LinearSearchTests.h">
      <Filter>Tests</Filter>
    </ClInclude>
    <ClInclude Include="LinearSearch.h">
      <Filter>Search</Filter>
    </ClInclude>
    <ClInclude Include="BinarySearch.h">
      <Filter>Search</Filter>
    </ClInclude>
    <ClInclude Include="BinarySearchTest.h">
      <Filter>Tests</Filter>
    </ClInclude>
    <ClInclude Include="SearchPerformanceTest.h">
      <Filter>Tests</Filter>
    </ClInclude>
    <ClInclude Include="LinkedLinearSearch.h">
      <Filter>Search</Filter>
    </ClInclude>
    <ClInclude Include="LinkedLinearSearchTest.h">
      <Filter>Tests</Filter>
    </ClInclude>
    <ClInclude Include="LinkedBinarySearch.h">
      <Filter>Search</Filter>
    </ClInclude>
    <ClInclude Include="InterpolationSearch.h">
      <Filter>Search</Filter>
    </ClInclude>
    <ClInclude Include="InterpolationSearchTest.h">
      <Filter>Tests</Filter>
    </ClInclude>
    <ClInclude Include="SelectionSort.h">
      <Filter>Sort</Filter>
    </ClInclude>
    <ClInclude Include="InsertionSort.h">
      <Filter>Sort</Filter>
    </ClInclude>
    <ClInclude Include="BubbleSort.h">
      <Filter>Sort</Filter>
    </ClInclude>
    <ClInclude Include="QuickSort.h">
      <Filter>Sort</Filter>
    </ClInclude>
    <ClInclude Include="HeapSort.h">
      <Filter>Sort</Filter>
    </ClInclude>
    <ClInclude Include="MergeSort.h">
      <Filter>Sort</Filter>
    </ClInclude>
    <ClInclude Include="ShellSort.h">
      <Filter>Sort</Filter>
    </ClInclude>
    <ClInclude Include="BucketSort.h">
      <Filter>Sort</Filter>
    </ClInclude>
    <ClInclude Include="RadixSort.h">
      <Filter>Sort</Filter>
    </ClInclude>
    <ClInclude Include="TimSort.h">
      <Filter>Sort</Filter>
    </ClInclude>
    <ClInclude Include="SelectionSortTest.h">
      <Filter>Tests</Filter>
    </ClInclude>
    <ClInclude Include="swap.h">
      <Filter>Sort</Filter>
    </ClInclude>
    <ClInclude Include="MinMaxSort.h">
      <Filter>Sort</Filter>
    </ClInclude>
    <ClInclude Include="MinMaxSortTest.h">
      <Filter>Tests</Filter>
    </ClInclude>
    <ClInclude Include="BubbleSortTest.h">
      <Filter>Tests</Filter>
    </ClInclude>
    <ClInclude Include="ShellSortTest.h">
      <Filter>Tests</Filter>
    </ClInclude>
    <ClInclude Include="TreeSort.h">
      <Filter>Sort</Filter>
    </ClInclude>
    <ClInclude Include="TreeSortTest.h">
      <Filter>Tests</Filter>
    </ClInclude>
  </ItemGroup>
  <ItemGroup>
    <ClCompile Include="stdafx.cpp">
      <Filter>Source Files</Filter>
    </ClCompile>
    <ClCompile Include="AlgorithmsInC++.cpp">
      <Filter>Source Files</Filter>
    </ClCompile>
    <ClCompile Include="LinearSearchTest.cpp">
      <Filter>Tests</Filter>
    </ClCompile>
    <ClCompile Include="LinearSearch.cpp">
      <Filter>Search</Filter>
    </ClCompile>
    <ClCompile Include="BinarySearch.cpp">
      <Filter>Search</Filter>
    </ClCompile>
    <ClCompile Include="BinarySearchTest.cpp">
      <Filter>Tests</Filter>
    </ClCompile>
    <ClCompile Include="SearchPerformanceTest.cpp">
      <Filter>Tests</Filter>
    </ClCompile>
    <ClCompile Include="LinkedLinearSearch.cpp">
      <Filter>Search</Filter>
    </ClCompile>
    <ClCompile Include="LinkedLinearSearchTest.cpp">
      <Filter>Tests</Filter>
    </ClCompile>
    <ClCompile Include="LinkedBinarySearch.cpp">
      <Filter>Search</Filter>
    </ClCompile>
    <ClCompile Include="InterpolationSearch.cpp">
      <Filter>Search</Filter>
    </ClCompile>
    <ClCompile Include="InterpolationSearchTest.cpp">
      <Filter>Tests</Filter>
    </ClCompile>
    <ClCompile Include="SelectionSort.cpp">
      <Filter>Sort</Filter>
    </ClCompile>
    <ClCompile Include="SelectionSortTest.cpp">
      <Filter>Tests</Filter>
    </ClCompile>
    <ClCompile Include="MinMaxSort.cpp">
      <Filter>Sort</Filter>
    </ClCompile>
    <ClCompile Include="MinMaxSortTest.cpp">
      <Filter>Tests</Filter>
    </ClCompile>
    <ClCompile Include="BubbleSort.cpp">
      <Filter>Sort</Filter>
    </ClCompile>
    <ClCompile Include="BubbleSortTest.cpp">
      <Filter>Tests</Filter>
    </ClCompile>
    <ClCompile Include="InsertionSort.cpp">
      <Filter>Sort</Filter>
    </ClCompile>
    <ClCompile Include="ShellSort.cpp">
      <Filter>Sort</Filter>
    </ClCompile>
    <ClCompile Include="ShellSortTest.cpp">
      <Filter>Tests</Filter>
    </ClCompile>
    <ClCompile Include="TreeSort.cpp">
      <Filter>Sort</Filter>
    </ClCompile>
    <ClCompile Include="TreeSortTest.cpp">
      <Filter>Tests</Filter>
    </ClCompile>
    <ClCompile Include="..\DataStructures\BinarySearchTree.cpp">
      <Filter>Sort</Filter>
    </ClCompile>
  </ItemGroup>
</Project>