<?xml version="1.0" encoding="utf-8"?>
<Project ToolsVersion="4.0" xmlns="http://schemas.microsoft.com/developer/msbuild/2003">
  <ItemGroup>
    <Filter Include="Source Files">
      <UniqueIdentifier>{4FC737F1-C7A5-4376-A066-2A32D752A2FF}</UniqueIdentifier>
      <Extensions>cpp;c;cc;cxx;def;odl;idl;hpj;bat;asm;asmx</Extensions>
    </Filter>
    <Filter Include="Header Files">
      <UniqueIdentifier>{93995380-89BD-4b04-88EB-625FBE52EBFB}</UniqueIdentifier>
      <Extensions>h;hh;hpp;hxx;hm;inl;inc;xsd</Extensions>
    </Filter>
    <Filter Include="Resource Files">
      <UniqueIdentifier>{67DA6AB6-F800-4c08-8B7A-83BB121AAD01}</UniqueIdentifier>
      <Extensions>rc;ico;cur;bmp;dlg;rc2;rct;bin;rgs;gif;jpg;jpeg;jpe;resx;tiff;tif;png;wav;mfcribbon-ms</Extensions>
    </Filter>
    <Filter Include="Tests">
      <UniqueIdentifier>{fd686815-1525-46f1-8ff8-0ae8502602f2}</UniqueIdentifier>
    </Filter>
    <Filter Include="Search">
      <UniqueIdentifier>{391549a5-931b-4088-9f0b-5367c2d48a8e}</UniqueIdentifier>
    </Filter>
    <Filter Include="Sort">
      <UniqueIdentifier>{374b5854-7a33-4aea-8fe0-ba31cee1c644}</UniqueIdentifier>
    </Filter>
    <Filter Include="Tests\SortTests">
      <UniqueIdentifier>{23ad9251-b53f-4925-85bd-2b36f87cd389}</UniqueIdentifier>
    </Filter>
    <Filter Include="Tests\SearchTests">
      <UniqueIdentifier>{a60e4055-296d-4073-a616-a057db87792f}</UniqueIdentifier>
    </Filter>
    <Filter Include="Sort\Support">
      <UniqueIdentifier>{c5ffa059-ea8e-4b38-90ff-ef676e0cfe55}</UniqueIdentifier>
    </Filter>
    <Filter Include="Tests\Support">
      <UniqueIdentifier>{4da795ed-69ba-46a0-b816-488a824ca4eb}</UniqueIdentifier>
    </Filter>
    <Filter Include="GraphTraversal">
      <UniqueIdentifier>{58dc869b-0572-4a24-8695-684f757547ea}</UniqueIdentifier>
    </Filter>
    <Filter Include="Tests\GraphTraversalTests">
      <UniqueIdentifier>{78fbcba2-a4f8-43fe-a354-b5e89404d834}</UniqueIdentifier>
    </Filter>
    <Filter Include="MinimumSpanningTrees">
      <UniqueIdentifier>{8730de2e-1bca-490e-84fe-adec1f2a0622}</UniqueIdentifier>
    </Filter>
    <Filter Include="Tests\MinimumSpanningTreeTests">
      <UniqueIdentifier>{bf13bd6e-7e38-4ac4-be16-ddf517b091b7}</UniqueIdentifier>
    </Filter>
    <Filter Include="ShortestPath">
      <UniqueIdentifier>{36fcfc6e-27cb-4691-b665-5b1a471846d7}</UniqueIdentifier>
    </Filter>
    <Filter Include="Tests\ShortestPathTests">
      <UniqueIdentifier>{81a11d5c-e2b3-4c6b-b6f0-fa461e451516}</UniqueIdentifier>
    </Filter>
    <Filter Include="Backtracking">
      <UniqueIdentifier>{b08b0dc4-778e-46da-aa53-dea24a712a76}</UniqueIdentifier>
    </Filter>
    <Filter Include="Tests\BacktrackingTests">
      <UniqueIdentifier>{9d21064e-15ec-4ef9-a604-c28e13cbd175}</UniqueIdentifier>
    </Filter>
    <Filter Include="NetworkFlow">
      <UniqueIdentifier>{5534f872-1933-4c0d-8d20-97a0eafd8922}</UniqueIdentifier>
    </Filter>
  </ItemGroup>
  <ItemGroup>
    <Text Include="ReadMe.txt" />
  </ItemGroup>
  <ItemGroup>
    <ClInclude Include="stdafx.h">
      <Filter>Header Files</Filter>
    </ClInclude>
    <ClInclude Include="targetver.h">
      <Filter>Header Files</Filter>
    </ClInclude>
    <ClInclude Include="Sort\QuickSort.h">
      <Filter>Sort</Filter>
    </ClInclude>
    <ClInclude Include="Sort\BubbleSort.h">
      <Filter>Sort</Filter>
    </ClInclude>
    <ClInclude Include="Sort\BucketSort.h">
      <Filter>Sort</Filter>
    </ClInclude>
    <ClInclude Include="Sort\HeapSort.h">
      <Filter>Sort</Filter>
    </ClInclude>
    <ClInclude Include="Sort\InsertionSort.h">
      <Filter>Sort</Filter>
    </ClInclude>
    <ClInclude Include="Sort\MergeSort.h">
      <Filter>Sort</Filter>
    </ClInclude>
    <ClInclude Include="Sort\MinMaxSort.h">
      <Filter>Sort</Filter>
    </ClInclude>
    <ClInclude Include="Sort\RadixSort.h">
      <Filter>Sort</Filter>
    </ClInclude>
    <ClInclude Include="Sort\SelectionSort.h">
      <Filter>Sort</Filter>
    </ClInclude>
    <ClInclude Include="Sort\ShellSort.h">
      <Filter>Sort</Filter>
    </ClInclude>
    <ClInclude Include="Sort\TimSort.h">
      <Filter>Sort</Filter>
    </ClInclude>
    <ClInclude Include="Sort\TreeSort.h">
      <Filter>Sort</Filter>
    </ClInclude>
    <ClInclude Include="Tests\SearchTests\BinarySearchTest.h">
      <Filter>Tests\SearchTests</Filter>
    </ClInclude>
    <ClInclude Include="Tests\SearchTests\InterpolationSearchTest.h">
      <Filter>Tests\SearchTests</Filter>
    </ClInclude>
    <ClInclude Include="Tests\SearchTests\LinkedLinearSearchTest.h">
      <Filter>Tests\SearchTests</Filter>
    </ClInclude>
    <ClInclude Include="Tests\SearchTests\SearchPerformanceTest.h">
      <Filter>Tests\SearchTests</Filter>
    </ClInclude>
    <ClInclude Include="Tests\SortTests\BubbleSortTest.h">
      <Filter>Tests\SortTests</Filter>
    </ClInclude>
    <ClInclude Include="Tests\SortTests\MinMaxSortTest.h">
      <Filter>Tests\SortTests</Filter>
    </ClInclude>
    <ClInclude Include="Tests\SortTests\SelectionSortTest.h">
      <Filter>Tests\SortTests</Filter>
    </ClInclude>
    <ClInclude Include="Tests\SortTests\ShellSortTest.h">
      <Filter>Tests\SortTests</Filter>
    </ClInclude>
    <ClInclude Include="Tests\SortTests\TreeSortTest.h">
      <Filter>Tests\SortTests</Filter>
    </ClInclude>
    <ClInclude Include="Search\BinarySearch.h">
      <Filter>Search</Filter>
    </ClInclude>
    <ClInclude Include="Search\InterpolationSearch.h">
      <Filter>Search</Filter>
    </ClInclude>
    <ClInclude Include="Search\LinearSearch.h">
      <Filter>Search</Filter>
    </ClInclude>
    <ClInclude Include="Search\LinkedBinarySearch.h">
      <Filter>Search</Filter>
    </ClInclude>
    <ClInclude Include="Search\LinkedLinearSearch.h">
      <Filter>Search</Filter>
    </ClInclude>
    <ClInclude Include="Tests\SearchTests\LinearSearchTests.h">
      <Filter>Tests\SearchTests</Filter>
    </ClInclude>
    <ClInclude Include="Sort\Support\swap.h">
      <Filter>Sort\Support</Filter>
    </ClInclude>
    <ClInclude Include="Sort\Support\SortableRecord.h">
      <Filter>Sort\Support</Filter>
    </ClInclude>
    <ClInclude Include="Tests\SortTests\InsertionSortTest.h">
      <Filter>Tests\SortTests</Filter>
    </ClInclude>
    <ClInclude Include="Tests\SortTests\SortPerformanceTest.h">
      <Filter>Tests\SortTests</Filter>
    </ClInclude>
    <ClInclude Include="Tests\Support\TimeElapsed.h">
      <Filter>Tests\Support</Filter>
    </ClInclude>
    <ClInclude Include="Tests\SortTests\HeapSortTest.h">
      <Filter>Tests\SortTests</Filter>
    </ClInclude>
    <ClInclude Include="Tests\Support\RandomVector.h">
      <Filter>Tests\Support</Filter>
    </ClInclude>
    <ClInclude Include="Tests\SortTests\QuickSortTest.h">
      <Filter>Tests\SortTests</Filter>
    </ClInclude>
    <ClInclude Include="Tests\SortTests\MergeSortTest.h">
      <Filter>Tests\SortTests</Filter>
    </ClInclude>
    <ClInclude Include="Sort\CountingSort.h">
      <Filter>Sort</Filter>
    </ClInclude>
    <ClInclude Include="Tests\SortTests\CountingSortTest.h">
      <Filter>Tests\SortTests</Filter>
    </ClInclude>
    <ClInclude Include="Tests\SortTests\RadixSortTest.h">
      <Filter>Tests\SortTests</Filter>
    </ClInclude>
    <ClInclude Include="GraphTraversal\BreadthFirstSearch.h">
      <Filter>GraphTraversal</Filter>
    </ClInclude>
    <ClInclude Include="Tests\GraphTraversalTests\BFSTest.h">
      <Filter>Tests\GraphTraversalTests</Filter>
    </ClInclude>
    <ClInclude Include="DepthFirstSearch.h">
      <Filter>GraphTraversal</Filter>
    </ClInclude>
    <ClInclude Include="DFSTest.h">
      <Filter>Tests\GraphTraversalTests</Filter>
    </ClInclude>
    <ClInclude Include="TopologicalSort.h">
      <Filter>GraphTraversal</Filter>
    </ClInclude>
    <ClInclude Include="TopologicalSortTest.h">
      <Filter>Tests\GraphTraversalTests</Filter>
    </ClInclude>
    <ClInclude Include="PrimsAlgorithm.h">
      <Filter>MinimumSpanningTrees</Filter>
    </ClInclude>
    <ClInclude Include="MSTTest.h">
      <Filter>Tests\MinimumSpanningTreeTests</Filter>
    </ClInclude>
    <ClInclude Include="KruskalsAlgorithm.h">
      <Filter>MinimumSpanningTrees</Filter>
    </ClInclude>
    <ClInclude Include="KrugalsMSTTest.h">
      <Filter>Tests\MinimumSpanningTreeTests</Filter>
    </ClInclude>
    <ClInclude Include="DijkstrasAlgorithm.h">
      <Filter>ShortestPath</Filter>
    </ClInclude>
    <ClInclude Include="DijkstrasSPTest.h">
      <Filter>Tests\ShortestPathTests</Filter>
    </ClInclude>
    <ClInclude Include="backtracking.h">
      <Filter>Backtracking</Filter>
    </ClInclude>
    <ClInclude Include="construct_all_subsets.h">
      <Filter>Backtracking</Filter>
    </ClInclude>
    <ClInclude Include="AllSubsetsTests.h">
      <Filter>Tests\BacktrackingTests</Filter>
    </ClInclude>
    <ClInclude Include="Two-Coloring-Graphs.h">
      <Filter>GraphTraversal</Filter>
    </ClInclude>
    <ClInclude Include="Two-Coloring-GraphTest.h">
      <Filter>Tests\GraphTraversalTests</Filter>
    </ClInclude>
    <ClInclude Include="Floyd-Warshall.h">
      <Filter>ShortestPath</Filter>
    </ClInclude>
    <ClInclude Include="NetworkFlow.h">
      <Filter>NetworkFlow</Filter>
    </ClInclude>
    <ClInclude Include="construct_all_permutations.h">
      <Filter>Backtracking</Filter>
    </ClInclude>
    <ClInclude Include="AllPermutationsTest.h">
      <Filter>Tests\BacktrackingTests</Filter>
    </ClInclude>
    <ClInclude Include="permute_string.h">
      <Filter>Backtracking</Filter>
    </ClInclude>
    <ClInclude Include="AllPathsTests.h">
      <Filter>Header Files</Filter>
    </ClInclude>
    <ClInclude Include="ConstructAllPaths.h">
      <Filter>Header Files</Filter>
    </ClInclude>
    <ClInclude Include="MatrixBFS.h">
      <Filter>Header Files</Filter>
    </ClInclude>
    <ClInclude Include="MultiSet.h">
      <Filter>Header Files</Filter>
    </ClInclude>
    <ClInclude Include="MultiSetTests.h">
      <Filter>Header Files</Filter>
    </ClInclude>
    <ClInclude Include="VertexCover.h">
      <Filter>GraphTraversal</Filter>
    </ClInclude>
    <ClInclude Include="VertexCoverTests.h">
      <Filter>Tests\GraphTraversalTests</Filter>
    </ClInclude>
    <ClInclude Include="NetworkFlowTests.h">
      <Filter>Tests\GraphTraversalTests</Filter>
    </ClInclude>
  </ItemGroup>
  <ItemGroup>
    <ClCompile Include="stdafx.cpp">
      <Filter>Source Files</Filter>
    </ClCompile>
    <ClCompile Include="AlgorithmsInC++.cpp">
      <Filter>Source Files</Filter>
    </ClCompile>
    <ClCompile Include="Sort\BubbleSort.cpp">
      <Filter>Sort</Filter>
    </ClCompile>
    <ClCompile Include="Sort\InsertionSort.cpp">
      <Filter>Sort</Filter>
    </ClCompile>
    <ClCompile Include="Sort\MinMaxSort.cpp">
      <Filter>Sort</Filter>
    </ClCompile>
    <ClCompile Include="Sort\SelectionSort.cpp">
      <Filter>Sort</Filter>
    </ClCompile>
    <ClCompile Include="Sort\ShellSort.cpp">
      <Filter>Sort</Filter>
    </ClCompile>
    <ClCompile Include="Sort\TreeSort.cpp">
      <Filter>Sort</Filter>
    </ClCompile>
    <ClCompile Include="Tests\SearchTests\BinarySearchTest.cpp">
      <Filter>Tests\SearchTests</Filter>
    </ClCompile>
    <ClCompile Include="Tests\SearchTests\InterpolationSearchTest.cpp">
      <Filter>Tests\SearchTests</Filter>
    </ClCompile>
    <ClCompile Include="Tests\SearchTests\LinearSearchTest.cpp">
      <Filter>Tests\SearchTests</Filter>
    </ClCompile>
    <ClCompile Include="Tests\SearchTests\LinkedLinearSearchTest.cpp">
      <Filter>Tests\SearchTests</Filter>
    </ClCompile>
    <ClCompile Include="Tests\SearchTests\SearchPerformanceTest.cpp">
      <Filter>Tests\SearchTests</Filter>
    </ClCompile>
    <ClCompile Include="Tests\SortTests\BubbleSortTest.cpp">
      <Filter>Tests\SortTests</Filter>
    </ClCompile>
    <ClCompile Include="Tests\SortTests\MinMaxSortTest.cpp">
      <Filter>Tests\SortTests</Filter>
    </ClCompile>
    <ClCompile Include="Tests\SortTests\SelectionSortTest.cpp">
      <Filter>Tests\SortTests</Filter>
    </ClCompile>
    <ClCompile Include="Tests\SortTests\ShellSortTest.cpp">
      <Filter>Tests\SortTests</Filter>
    </ClCompile>
    <ClCompile Include="Tests\SortTests\TreeSortTest.cpp">
      <Filter>Tests\SortTests</Filter>
    </ClCompile>
    <ClCompile Include="Search\BinarySearch.cpp">
      <Filter>Search</Filter>
    </ClCompile>
    <ClCompile Include="Search\InterpolationSearch.cpp">
      <Filter>Search</Filter>
    </ClCompile>
    <ClCompile Include="Search\LinearSearch.cpp">
      <Filter>Search</Filter>
    </ClCompile>
    <ClCompile Include="Search\LinkedBinarySearch.cpp">
      <Filter>Search</Filter>
    </ClCompile>
    <ClCompile Include="Search\LinkedLinearSearch.cpp">
      <Filter>Search</Filter>
    </ClCompile>
    <ClCompile Include="..\DataStructures\Trees\BinarySearchTree.cpp">
      <Filter>Sort\Support</Filter>
    </ClCompile>
    <ClCompile Include="Tests\SortTests\InsertionSortTest.cpp">
      <Filter>Tests\SortTests</Filter>
    </ClCompile>
    <ClCompile Include="Tests\SortTests\SortPerformanceTest.cpp">
      <Filter>Tests\SortTests</Filter>
    </ClCompile>
    <ClCompile Include="Sort\HeapSort.cpp">
      <Filter>Sort</Filter>
    </ClCompile>
    <ClCompile Include="Tests\SortTests\HeapSortTest.cpp">
      <Filter>Tests\SortTests</Filter>
    </ClCompile>
    <ClCompile Include="Sort\QuickSort.cpp">
      <Filter>Sort</Filter>
    </ClCompile>
    <ClCompile Include="Tests\SortTests\QuickSortTest.cpp">
      <Filter>Tests\SortTests</Filter>
    </ClCompile>
    <ClCompile Include="Sort\MergeSort.cpp">
      <Filter>Sort</Filter>
    </ClCompile>
    <ClCompile Include="Tests\SortTests\MergeSortTest.cpp">
      <Filter>Tests\SortTests</Filter>
    </ClCompile>
    <ClCompile Include="Sort\CountingSort.cpp">
      <Filter>Sort</Filter>
    </ClCompile>
    <ClCompile Include="Tests\SortTests\CountingSortTest.cpp">
      <Filter>Tests\SortTests</Filter>
    </ClCompile>
    <ClCompile Include="Sort\RadixSort.cpp">
      <Filter>Sort</Filter>
    </ClCompile>
    <ClCompile Include="Tests\SortTests\RadixSortTest.cpp">
      <Filter>Tests\SortTests</Filter>
    </ClCompile>
    <ClCompile Include="GraphTraversal\BreadthFirstSearch.cpp">
      <Filter>GraphTraversal</Filter>
    </ClCompile>
    <ClCompile Include="Tests\GraphTraversalTests\BFSTest.cpp">
      <Filter>Tests\GraphTraversalTests</Filter>
    </ClCompile>
    <ClCompile Include="DepthFirstSearch.cpp">
      <Filter>GraphTraversal</Filter>
    </ClCompile>
    <ClCompile Include="DFSTest.cpp">
      <Filter>Tests\GraphTraversalTests</Filter>
    </ClCompile>
    <ClCompile Include="TopologicalSort.cpp">
      <Filter>GraphTraversal</Filter>
    </ClCompile>
    <ClCompile Include="TopologicalSortTest.cpp">
      <Filter>Tests\GraphTraversalTests</Filter>
    </ClCompile>
    <ClCompile Include="PrimsAlgorithm.cpp">
      <Filter>MinimumSpanningTrees</Filter>
    </ClCompile>
    <ClCompile Include="MSTTest.cpp">
      <Filter>Tests\MinimumSpanningTreeTests</Filter>
    </ClCompile>
    <ClCompile Include="KruskalsAlgorithm.cpp">
      <Filter>MinimumSpanningTrees</Filter>
    </ClCompile>
    <ClCompile Include="KrugalsMSTTest.cpp">
      <Filter>Tests\MinimumSpanningTreeTests</Filter>
    </ClCompile>
    <ClCompile Include="DijkstrasAlgorithm.cpp">
      <Filter>ShortestPath</Filter>
    </ClCompile>
    <ClCompile Include="DijkstrasSPTest.cpp">
      <Filter>Tests\ShortestPathTests</Filter>
    </ClCompile>
    <ClCompile Include="backtracking.cpp">
      <Filter>Backtracking</Filter>
    </ClCompile>
    <ClCompile Include="construct_all_subsets.cpp">
      <Filter>Backtracking</Filter>
    </ClCompile>
    <ClCompile Include="AllSubsetsTests.cpp">
      <Filter>Tests\BacktrackingTests</Filter>
    </ClCompile>
    <ClCompile Include="Two-Coloring-Graphs.cpp">
      <Filter>GraphTraversal</Filter>
    </ClCompile>
    <ClCompile Include="Two-Coloring-GraphTest.cpp">
      <Filter>Tests\GraphTraversalTests</Filter>
    </ClCompile>
    <ClCompile Include="Floyd-Warshall.cpp">
      <Filter>ShortestPath</Filter>
    </ClCompile>
    <ClCompile Include="NetworkFlow.cpp">
      <Filter>NetworkFlow</Filter>
    </ClCompile>
    <ClCompile Include="construct_all_permutations.cpp">
      <Filter>Backtracking</Filter>
    </ClCompile>
    <ClCompile Include="AllPermutationsTest.cpp">
      <Filter>Tests\BacktrackingTests</Filter>
    </ClCompile>
    <ClCompile Include="permute_string.cpp">
      <Filter>Backtracking</Filter>
    </ClCompile>
    <ClCompile Include="AllPathsTests.cpp">
      <Filter>Source Files</Filter>
    </ClCompile>
    <ClCompile Include="ConstructAllPaths.cpp">
      <Filter>Source Files</Filter>
    </ClCompile>
    <ClCompile Include="MatrixBFS.cpp">
      <Filter>Source Files</Filter>
    </ClCompile>
    <ClCompile Include="MultiSet.cpp">
      <Filter>Source Files</Filter>
    </ClCompile>
    <ClCompile Include="MultiSetTests.cpp">
      <Filter>Source Files</Filter>
    </ClCompile>
    <ClCompile Include="VertexCover.cpp">
      <Filter>GraphTraversal</Filter>
    </ClCompile>
    <ClCompile Include="VertexCoverTests.cpp">
      <Filter>Tests\GraphTraversalTests</Filter>
    </ClCompile>
    <ClCompile Include="NetworkFlowTests.cpp">
      <Filter>Tests\GraphTraversalTests</Filter>
    </ClCompile>
  </ItemGroup>
</Project>