<?xml version="1.0" encoding="utf-8"?>
<Project ToolsVersion="4.0" xmlns="http://schemas.microsoft.com/developer/msbuild/2003">
  <ItemGroup>
    <Filter Include="Source Files">
      <UniqueIdentifier>{4FC737F1-C7A5-4376-A066-2A32D752A2FF}</UniqueIdentifier>
      <Extensions>cpp;c;cc;cxx;def;odl;idl;hpj;bat;asm;asmx</Extensions>
    </Filter>
    <Filter Include="Header Files">
      <UniqueIdentifier>{93995380-89BD-4b04-88EB-625FBE52EBFB}</UniqueIdentifier>
      <Extensions>h;hh;hpp;hxx;hm;inl;inc;xsd</Extensions>
    </Filter>
    <Filter Include="Resource Files">
      <UniqueIdentifier>{67DA6AB6-F800-4c08-8B7A-83BB121AAD01}</UniqueIdentifier>
      <Extensions>rc;ico;cur;bmp;dlg;rc2;rct;bin;rgs;gif;jpg;jpeg;jpe;resx;tiff;tif;png;wav;mfcribbon-ms</Extensions>
    </Filter>
    <Filter Include="Tests">
      <UniqueIdentifier>{fd686815-1525-46f1-8ff8-0ae8502602f2}</UniqueIdentifier>
    </Filter>
    <Filter Include="Search">
      <UniqueIdentifier>{391549a5-931b-4088-9f0b-5367c2d48a8e}</UniqueIdentifier>
    </Filter>
    <Filter Include="Sort">
      <UniqueIdentifier>{374b5854-7a33-4aea-8fe0-ba31cee1c644}</UniqueIdentifier>
    </Filter>
    <Filter Include="Tests\SortTests">
      <UniqueIdentifier>{23ad9251-b53f-4925-85bd-2b36f87cd389}</UniqueIdentifier>
    </Filter>
    <Filter Include="Tests\SearchTests">
      <UniqueIdentifier>{a60e4055-296d-4073-a616-a057db87792f}</UniqueIdentifier>
    </Filter>
  </ItemGroup>
  <ItemGroup>
    <Text Include="ReadMe.txt" />
  </ItemGroup>
  <ItemGroup>
    <ClInclude Include="stdafx.h">
      <Filter>Header Files</Filter>
    </ClInclude>
    <ClInclude Include="targetver.h">
      <Filter>Header Files</Filter>
    </ClInclude>
    <ClInclude Include="Sort\QuickSort.h">
      <Filter>Sort</Filter>
    </ClInclude>
    <ClInclude Include="Sort\BubbleSort.h">
      <Filter>Sort</Filter>
    </ClInclude>
    <ClInclude Include="Sort\BucketSort.h">
      <Filter>Sort</Filter>
    </ClInclude>
    <ClInclude Include="Sort\HeapSort.h">
      <Filter>Sort</Filter>
    </ClInclude>
    <ClInclude Include="Sort\InsertionSort.h">
      <Filter>Sort</Filter>
    </ClInclude>
    <ClInclude Include="Sort\MergeSort.h">
      <Filter>Sort</Filter>
    </ClInclude>
    <ClInclude Include="Sort\MinMaxSort.h">
      <Filter>Sort</Filter>
    </ClInclude>
    <ClInclude Include="Sort\RadixSort.h">
      <Filter>Sort</Filter>
    </ClInclude>
    <ClInclude Include="Sort\SelectionSort.h">
      <Filter>Sort</Filter>
    </ClInclude>
    <ClInclude Include="Sort\ShellSort.h">
      <Filter>Sort</Filter>
    </ClInclude>
    <ClInclude Include="Sort\TimSort.h">
      <Filter>Sort</Filter>
    </ClInclude>
    <ClInclude Include="Sort\TreeSort.h">
      <Filter>Sort</Filter>
    </ClInclude>
    <ClInclude Include="Sort\swap.h">
      <Filter>Sort</Filter>
    </ClInclude>
    <ClInclude Include="Tests\SearchTests\BinarySearchTest.h">
      <Filter>Tests\SearchTests</Filter>
    </ClInclude>
    <ClInclude Include="Tests\SearchTests\InterpolationSearchTest.h">
      <Filter>Tests\SearchTests</Filter>
    </ClInclude>
    <ClInclude Include="Tests\SearchTests\LinkedLinearSearchTest.h">
      <Filter>Tests\SearchTests</Filter>
    </ClInclude>
    <ClInclude Include="Tests\SearchTests\SearchPerformanceTest.h">
      <Filter>Tests\SearchTests</Filter>
    </ClInclude>
    <ClInclude Include="Tests\SortTests\BubbleSortTest.h">
      <Filter>Tests\SortTests</Filter>
    </ClInclude>
    <ClInclude Include="Tests\SortTests\MinMaxSortTest.h">
      <Filter>Tests\SortTests</Filter>
    </ClInclude>
    <ClInclude Include="Tests\SortTests\SelectionSortTest.h">
      <Filter>Tests\SortTests</Filter>
    </ClInclude>
    <ClInclude Include="Tests\SortTests\ShellSortTest.h">
      <Filter>Tests\SortTests</Filter>
    </ClInclude>
    <ClInclude Include="Tests\SortTests\TreeSortTest.h">
      <Filter>Tests\SortTests</Filter>
    </ClInclude>
    <ClInclude Include="Search\BinarySearch.h">
      <Filter>Search</Filter>
    </ClInclude>
    <ClInclude Include="Search\InterpolationSearch.h">
      <Filter>Search</Filter>
    </ClInclude>
    <ClInclude Include="Search\LinearSearch.h">
      <Filter>Search</Filter>
    </ClInclude>
    <ClInclude Include="Search\LinkedBinarySearch.h">
      <Filter>Search</Filter>
    </ClInclude>
    <ClInclude Include="Search\LinkedLinearSearch.h">
      <Filter>Search</Filter>
    </ClInclude>
    <ClInclude Include="Tests\SearchTests\LinearSearchTests.h">
      <Filter>Tests\SearchTests</Filter>
    </ClInclude>
  </ItemGroup>
  <ItemGroup>
    <ClCompile Include="stdafx.cpp">
      <Filter>Source Files</Filter>
    </ClCompile>
    <ClCompile Include="AlgorithmsInC++.cpp">
      <Filter>Source Files</Filter>
    </ClCompile>
    <ClCompile Include="Sort\BubbleSort.cpp">
      <Filter>Sort</Filter>
    </ClCompile>
    <ClCompile Include="Sort\InsertionSort.cpp">
      <Filter>Sort</Filter>
    </ClCompile>
    <ClCompile Include="Sort\MinMaxSort.cpp">
      <Filter>Sort</Filter>
    </ClCompile>
    <ClCompile Include="Sort\SelectionSort.cpp">
      <Filter>Sort</Filter>
    </ClCompile>
    <ClCompile Include="Sort\ShellSort.cpp">
      <Filter>Sort</Filter>
    </ClCompile>
    <ClCompile Include="Sort\TreeSort.cpp">
      <Filter>Sort</Filter>
    </ClCompile>
    <ClCompile Include="..\DataStructures\BinarySearchTree.cpp">
      <Filter>Sort</Filter>
    </ClCompile>
    <ClCompile Include="Tests\SearchTests\BinarySearchTest.cpp">
      <Filter>Tests\SearchTests</Filter>
    </ClCompile>
    <ClCompile Include="Tests\SearchTests\InterpolationSearchTest.cpp">
      <Filter>Tests\SearchTests</Filter>
    </ClCompile>
    <ClCompile Include="Tests\SearchTests\LinearSearchTest.cpp">
      <Filter>Tests\SearchTests</Filter>
    </ClCompile>
    <ClCompile Include="Tests\SearchTests\LinkedLinearSearchTest.cpp">
      <Filter>Tests\SearchTests</Filter>
    </ClCompile>
    <ClCompile Include="Tests\SearchTests\SearchPerformanceTest.cpp">
      <Filter>Tests\SearchTests</Filter>
    </ClCompile>
    <ClCompile Include="Tests\SortTests\BubbleSortTest.cpp">
      <Filter>Tests\SortTests</Filter>
    </ClCompile>
    <ClCompile Include="Tests\SortTests\MinMaxSortTest.cpp">
      <Filter>Tests\SortTests</Filter>
    </ClCompile>
    <ClCompile Include="Tests\SortTests\SelectionSortTest.cpp">
      <Filter>Tests\SortTests</Filter>
    </ClCompile>
    <ClCompile Include="Tests\SortTests\ShellSortTest.cpp">
      <Filter>Tests\SortTests</Filter>
    </ClCompile>
    <ClCompile Include="Tests\SortTests\TreeSortTest.cpp">
      <Filter>Tests\SortTests</Filter>
    </ClCompile>
    <ClCompile Include="Search\BinarySearch.cpp">
      <Filter>Search</Filter>
    </ClCompile>
    <ClCompile Include="Search\InterpolationSearch.cpp">
      <Filter>Search</Filter>
    </ClCompile>
    <ClCompile Include="Search\LinearSearch.cpp">
      <Filter>Search</Filter>
    </ClCompile>
    <ClCompile Include="Search\LinkedBinarySearch.cpp">
      <Filter>Search</Filter>
    </ClCompile>
    <ClCompile Include="Search\LinkedLinearSearch.cpp">
      <Filter>Search</Filter>
    </ClCompile>
  </ItemGroup>
</Project>